
Microsoft Visual Studio Solution File, Format Version 12.00
# Visual Studio 15
VisualStudioVersion = 15.0.26430.4
MinimumVisualStudioVersion = 10.0.40219.1
Project("{FAE04EC0-301F-11D3-BF4B-00C04F79EFBC}") = "ExceptionPractice", "ExceptionPractice\ExceptionPractice.csproj", "{AE2E20FA-3F12-4A64-BBA7-91FE18EAF93C}"
EndProject
Project("{FAE04EC0-301F-11D3-BF4B-00C04F79EFBC}") = "LatticePath", "LatticePath\LatticePath.csproj", "{FF4F8F62-5B79-4284-935D-26468EFF2A83}"
EndProject
Project("{FAE04EC0-301F-11D3-BF4B-00C04F79EFBC}") = "LogDemo", "LogDemo\LogDemo.csproj", "{37EF0B3D-3566-440D-BEC4-B5BD7CEF43FB}"
EndProject
Global
	GlobalSection(SolutionConfigurationPlatforms) = preSolution
		Debug|Any CPU = Debug|Any CPU
		Release|Any CPU = Release|Any CPU
	EndGlobalSection
	GlobalSection(ProjectConfigurationPlatforms) = postSolution
		{AE2E20FA-3F12-4A64-BBA7-91FE18EAF93C}.Debug|Any CPU.ActiveCfg = Debug|Any CPU
		{AE2E20FA-3F12-4A64-BBA7-91FE18EAF93C}.Debug|Any CPU.Build.0 = Debug|Any CPU
		{AE2E20FA-3F12-4A64-BBA7-91FE18EAF93C}.Release|Any CPU.ActiveCfg = Release|Any CPU
		{AE2E20FA-3F12-4A64-BBA7-91FE18EAF93C}.Release|Any CPU.Build.0 = Release|Any CPU
		{FF4F8F62-5B79-4284-935D-26468EFF2A83}.Debug|Any CPU.ActiveCfg = Debug|Any CPU
		{FF4F8F62-5B79-4284-935D-26468EFF2A83}.Debug|Any CPU.Build.0 = Debug|Any CPU
		{FF4F8F62-5B79-4284-935D-26468EFF2A83}.Release|Any CPU.ActiveCfg = Release|Any CPU
		{FF4F8F62-5B79-4284-935D-26468EFF2A83}.Release|Any CPU.Build.0 = Release|Any CPU
		{37EF0B3D-3566-440D-BEC4-B5BD7CEF43FB}.Debug|Any CPU.ActiveCfg = Debug|Any CPU
		{37EF0B3D-3566-440D-BEC4-B5BD7CEF43FB}.Debug|Any CPU.Build.0 = Debug|Any CPU
		{37EF0B3D-3566-440D-BEC4-B5BD7CEF43FB}.Release|Any CPU.ActiveCfg = Release|Any CPU
		{37EF0B3D-3566-440D-BEC4-B5BD7CEF43FB}.Release|Any CPU.Build.0 = Release|Any CPU
	EndGlobalSection
	GlobalSection(SolutionProperties) = preSolution
		HideSolutionNode = FALSE
	EndGlobalSection
EndGlobal
